<?xml version="1.0" encoding="utf-8"?>
<Project ToolsVersion="4.0" xmlns="http://schemas.microsoft.com/developer/msbuild/2003">
  <ItemGroup>
    <Filter Include="Include">
      <UniqueIdentifier>{6917EFFE-D5F6-6D9A-DE0E-F9704A6DD4FB}</UniqueIdentifier>
    </Filter>
    <Filter Include="Include\VoxelStream">
      <UniqueIdentifier>{F28D9B93-5EEF-78A1-E75C-BF5353BDAF60}</UniqueIdentifier>
    </Filter>
    <Filter Include="src">
      <UniqueIdentifier>{2DAB880B-99B4-887C-2230-9F7C8E38947C}</UniqueIdentifier>
    </Filter>
  </ItemGroup>
  <ItemGroup>
    <ClInclude Include="Include\VoxelStream\DataStructures.h">
      <Filter>Include\VoxelStream</Filter>
    </ClInclude>
    <ClInclude Include="Include\VoxelStream\VoxelDatabase.h">
      <Filter>Include\VoxelStream</Filter>
    </ClInclude>
    <ClInclude Include="src\Chunk.h">
      <Filter>src</Filter>
    </ClInclude>
    <ClInclude Include="src\ChunkMemoryManager.h">
      <Filter>src</Filter>
    </ClInclude>
    <ClInclude Include="src\FullyLoadedChunk.h">
      <Filter>src</Filter>
    </ClInclude>
    <ClInclude Include="src\InternalDefinitions.h">
      <Filter>src</Filter>
    </ClInclude>
    <ClInclude Include="src\OptimizedChunk.h">
      <Filter>src</Filter>
    </ClInclude>
    <ClInclude Include="src\VoxelMemoryPaletteManager.h" />
  </ItemGroup>
  <ItemGroup>
    <ClCompile Include="src\Chunk.cpp">
      <Filter>src</Filter>
    </ClCompile>
    <ClCompile Include="src\ChunkMemoryManager.cpp">
      <Filter>src</Filter>
    </ClCompile>
    <ClCompile Include="src\VoxelDatabase.cpp">
      <Filter>src</Filter>
    </ClCompile>
    <ClCompile Include="src\VoxelMemoryPaletteManager.cpp" />
  </ItemGroup>
</Project>